
Microsoft Visual Studio Solution File, Format Version 12.00
# Visual Studio 14
VisualStudioVersion = 14.0.24720.0
MinimumVisualStudioVersion = 10.0.40219.1
Project("{2150E333-8FDC-42A3-9474-1A3956D46DE8}") = "src", "src", "{9EAA58FA-8CCA-4AA7-BB5F-FAF17AA6FB46}"
EndProject
Project("{2150E333-8FDC-42A3-9474-1A3956D46DE8}") = "Solution Items", "Solution Items", "{820DCC58-23F0-43CD-948E-5CF619A07A83}"
	ProjectSection(SolutionItems) = preProject
		global.json = global.json
	EndProjectSection
EndProject
Project("{8BB2217D-0F2D-49D1-97BC-3654ED321F3B}") = "HomeControl.Web", "src\HomeControl.Web\HomeControl.Web.xproj", "{D2C80DC4-9FD4-45B1-B2B4-9A1554979960}"
EndProject
Project("{8BB2217D-0F2D-49D1-97BC-3654ED321F3B}") = "HomeControl.Domain", "src\HomeControl.Domain\HomeControl.Domain.xproj", "{010CB05E-8B3A-467C-A0D9-C7E38CF7D2D2}"
EndProject
Project("{8BB2217D-0F2D-49D1-97BC-3654ED321F3B}") = "HomeControl.Tests", "src\HomeControl.Tests\HomeControl.Tests.xproj", "{AB0E7DF6-4922-45AA-8D99-3B42B9319CCE}"
EndProject
Project("{8BB2217D-0F2D-49D1-97BC-3654ED321F3B}") = "HomeControl.DataAccess", "src\HomeControl.DataAccess\HomeControl.DataAccess.xproj", "{0AE259E8-89CF-4C4D-A46F-1D24C83A1CA1}"
EndProject
Global
	GlobalSection(SolutionConfigurationPlatforms) = preSolution
		Debug|Any CPU = Debug|Any CPU
		Release|Any CPU = Release|Any CPU
	EndGlobalSection
	GlobalSection(ProjectConfigurationPlatforms) = postSolution
		{D2C80DC4-9FD4-45B1-B2B4-9A1554979960}.Debug|Any CPU.ActiveCfg = Debug|Any CPU
		{D2C80DC4-9FD4-45B1-B2B4-9A1554979960}.Debug|Any CPU.Build.0 = Debug|Any CPU
		{D2C80DC4-9FD4-45B1-B2B4-9A1554979960}.Release|Any CPU.ActiveCfg = Release|Any CPU
		{D2C80DC4-9FD4-45B1-B2B4-9A1554979960}.Release|Any CPU.Build.0 = Release|Any CPU
		{010CB05E-8B3A-467C-A0D9-C7E38CF7D2D2}.Debug|Any CPU.ActiveCfg = Debug|Any CPU
		{010CB05E-8B3A-467C-A0D9-C7E38CF7D2D2}.Debug|Any CPU.Build.0 = Debug|Any CPU
		{010CB05E-8B3A-467C-A0D9-C7E38CF7D2D2}.Release|Any CPU.ActiveCfg = Release|Any CPU
		{010CB05E-8B3A-467C-A0D9-C7E38CF7D2D2}.Release|Any CPU.Build.0 = Release|Any CPU
		{AB0E7DF6-4922-45AA-8D99-3B42B9319CCE}.Debug|Any CPU.ActiveCfg = Debug|Any CPU
		{AB0E7DF6-4922-45AA-8D99-3B42B9319CCE}.Debug|Any CPU.Build.0 = Debug|Any CPU
		{AB0E7DF6-4922-45AA-8D99-3B42B9319CCE}.Release|Any CPU.ActiveCfg = Release|Any CPU
		{AB0E7DF6-4922-45AA-8D99-3B42B9319CCE}.Release|Any CPU.Build.0 = Release|Any CPU
		{0AE259E8-89CF-4C4D-A46F-1D24C83A1CA1}.Debug|Any CPU.ActiveCfg = Debug|Any CPU
		{0AE259E8-89CF-4C4D-A46F-1D24C83A1CA1}.Debug|Any CPU.Build.0 = Debug|Any CPU
		{0AE259E8-89CF-4C4D-A46F-1D24C83A1CA1}.Release|Any CPU.ActiveCfg = Release|Any CPU
		{0AE259E8-89CF-4C4D-A46F-1D24C83A1CA1}.Release|Any CPU.Build.0 = Release|Any CPU
	EndGlobalSection
	GlobalSection(SolutionProperties) = preSolution
		HideSolutionNode = FALSE
	EndGlobalSection
	GlobalSection(NestedProjects) = preSolution
		{D2C80DC4-9FD4-45B1-B2B4-9A1554979960} = {9EAA58FA-8CCA-4AA7-BB5F-FAF17AA6FB46}
		{010CB05E-8B3A-467C-A0D9-C7E38CF7D2D2} = {9EAA58FA-8CCA-4AA7-BB5F-FAF17AA6FB46}
		{AB0E7DF6-4922-45AA-8D99-3B42B9319CCE} = {9EAA58FA-8CCA-4AA7-BB5F-FAF17AA6FB46}
		{0AE259E8-89CF-4C4D-A46F-1D24C83A1CA1} = {9EAA58FA-8CCA-4AA7-BB5F-FAF17AA6FB46}
	EndGlobalSection
EndGlobal
